schema: '2.0'
stages:
  preprocess:
    cmd: python3 scripts/preprocess.py
    deps:
    - path: data/raw/data.csv
      hash: md5
      md5: 39656a96f74692399ca99db8ff71d208
      size: 138475
    - path: scripts/preprocess.py
      hash: md5
      md5: b333d0a29d0c2d72d8dc03f50443e76b
      size: 860
    params:
      params.yaml:
        preprocess:
          test_split: 0.2
          random_state: 42
    outs:
    - path: data/processed/test.csv
      hash: md5
      md5: 4ca7926fbd43d84410e72d13ce833dd0
      size: 29499
    - path: data/processed/train.csv
      hash: md5
      md5: f13e7a967ec92f95c302a2770fc91821
      size: 109274
  train:
    cmd: python3 scripts/train.py
    deps:
    - path: data/processed/train.csv
      hash: md5
      md5: f13e7a967ec92f95c302a2770fc91821
      size: 109274
    - path: scripts/train.py
      hash: md5
      md5: c09d3f01b61da1d74dd5db462ef8f6c3
      size: 774
    params:
      params.yaml:
        train:
          n_estimators: 300
          max_depth: 5
          random_state: 42
    outs:
    - path: models/classifier.pkl
      hash: md5
      md5: f0d99e799ec0c2b95d4b5fa66a6ac86a
      size: 865106
  evaluate:
    cmd: python3 scripts/evaluate.py
    deps:
    - path: data/processed/test.csv
      hash: md5
      md5: 4ca7926fbd43d84410e72d13ce833dd0
      size: 29499
    - path: models/classifier.pkl
      hash: md5
      md5: f0d99e799ec0c2b95d4b5fa66a6ac86a
      size: 865106
    - path: scripts/evaluate.py
      hash: md5
      md5: 61c2161c5c0a6b53183444c9d051f54a
      size: 783
    outs:
    - path: metrics/scores.json
      hash: md5
      md5: c6e26244f554eaf1815680f8565d6f07
      size: 130
